{
  "pins" : [
    {
      "identity" : "nefertitifile",
      "kind" : "remoteSourceControl",
      "location" : "https://github.com/D-Integral/NefertitiFile",
      "state" : {
        "revision" : "4765272f223c8ff3b85be50526d523c3d6dc1a5f",
        "version" : "1.0.4"
      }
    },
    {
      "identity" : "nefertitifontsizecalculator",
      "kind" : "remoteSourceControl",
      "location" : "https://github.com/D-Integral/NefertitiFontSizeCalculator",
      "state" : {
        "revision" : "ae9d57ab63274f1c64e0cefc04429638185b13b3",
        "version" : "1.0.1"
      }
    }
  ],
  "version" : 2
}
